// !$*UTF8*$!
{
	archiveVersion = 1;
	classes = {
	};
	objectVersion = 48;
	objects = {

/* Begin PBXBuildFile section */
		641CFF6720AD06560029CBAD /* AppDelegate.swift in Sources */ = {isa = PBXBuildFile; fileRef = 641CFF6620AD06560029CBAD /* AppDelegate.swift */; };
		641CFF6920AD06560029CBAD /* ViewController.swift in Sources */ = {isa = PBXBuildFile; fileRef = 641CFF6820AD06560029CBAD /* ViewController.swift */; };
		641CFF6C20AD06560029CBAD /* Main.storyboard in Resources */ = {isa = PBXBuildFile; fileRef = 641CFF6A20AD06560029CBAD /* Main.storyboard */; };
		641CFF6E20AD06560029CBAD /* Assets.xcassets in Resources */ = {isa = PBXBuildFile; fileRef = 641CFF6D20AD06560029CBAD /* Assets.xcassets */; };
		641CFF7120AD06560029CBAD /* LaunchScreen.storyboard in Resources */ = {isa = PBXBuildFile; fileRef = 641CFF6F20AD06560029CBAD /* LaunchScreen.storyboard */; };
		641CFFB820AD07630029CBAD /* videos in Resources */ = {isa = PBXBuildFile; fileRef = 641CFFB720AD07630029CBAD /* videos */; };
		64928BC020AE672D00BA5AEA /* VideoMerger.swift in Sources */ = {isa = PBXBuildFile; fileRef = 64928BBF20AE672D00BA5AEA /* VideoMerger.swift */; };
/* End PBXBuildFile section */

/* Begin PBXFileReference section */
		641CFF6320AD06560029CBAD /* merge-video-sample.app */ = {isa = PBXFileReference; explicitFileType = wrapper.application; includeInIndex = 0; path = "merge-video-sample.app"; sourceTree = BUILT_PRODUCTS_DIR; };
		641CFF6620AD06560029CBAD /* AppDelegate.swift */ = {isa = PBXFileReference; lastKnownFileType = sourcecode.swift; path = AppDelegate.swift; sourceTree = "<group>"; };
		641CFF6820AD06560029CBAD /* ViewController.swift */ = {isa = PBXFileReference; lastKnownFileType = sourcecode.swift; path = ViewController.swift; sourceTree = "<group>"; };
		641CFF6B20AD06560029CBAD /* Base */ = {isa = PBXFileReference; lastKnownFileType = file.storyboard; name = Base; path = Base.lproj/Main.storyboard; sourceTree = "<group>"; };
		641CFF6D20AD06560029CBAD /* Assets.xcassets */ = {isa = PBXFileReference; lastKnownFileType = folder.assetcatalog; path = Assets.xcassets; sourceTree = "<group>"; };
		641CFF7020AD06560029CBAD /* Base */ = {isa = PBXFileReference; lastKnownFileType = file.storyboard; name = Base; path = Base.lproj/LaunchScreen.storyboard; sourceTree = "<group>"; };
		641CFF7220AD06560029CBAD /* Info.plist */ = {isa = PBXFileReference; lastKnownFileType = text.plist.xml; path = Info.plist; sourceTree = "<group>"; };
		641CFFB720AD07630029CBAD /* videos */ = {isa = PBXFileReference; lastKnownFileType = folder; path = videos; sourceTree = "<group>"; };
		64928BBF20AE672D00BA5AEA /* VideoMerger.swift */ = {isa = PBXFileReference; lastKnownFileType = sourcecode.swift; path = VideoMerger.swift; sourceTree = "<group>"; };
/* End PBXFileReference section */

/* Begin PBXFrameworksBuildPhase section */
		641CFF6020AD06560029CBAD /* Frameworks */ = {
			isa = PBXFrameworksBuildPhase;
			buildActionMask = 2147483647;
			files = (
			);
			runOnlyForDeploymentPostprocessing = 0;
		};
/* End PBXFrameworksBuildPhase section */

/* Begin PBXGroup section */
		641CFF5A20AD06560029CBAD = {
			isa = PBXGroup;
			children = (
				641CFF6520AD06560029CBAD /* src */,
				641CFF6420AD06560029CBAD /* Products */,
			);
			sourceTree = "<group>";
		};
		641CFF6420AD06560029CBAD /* Products */ = {
			isa = PBXGroup;
			children = (
				641CFF6320AD06560029CBAD /* merge-video-sample.app */,
			);
			name = Products;
			sourceTree = "<group>";
		};
		641CFF6520AD06560029CBAD /* src */ = {
			isa = PBXGroup;
			children = (
				641CFF6620AD06560029CBAD /* AppDelegate.swift */,
				641CFF6820AD06560029CBAD /* ViewController.swift */,
				64928BBF20AE672D00BA5AEA /* VideoMerger.swift */,
				641CFF6A20AD06560029CBAD /* Main.storyboard */,
				641CFF6D20AD06560029CBAD /* Assets.xcassets */,
				641CFF6F20AD06560029CBAD /* LaunchScreen.storyboard */,
				641CFF7220AD06560029CBAD /* Info.plist */,
				641CFFB720AD07630029CBAD /* videos */,
			);
			path = src;
			sourceTree = "<group>";
		};
/* End PBXGroup section */

/* Begin PBXNativeTarget section */
		641CFF6220AD06560029CBAD /* merge-video-sample */ = {
			isa = PBXNativeTarget;
			buildConfigurationList = 641CFF7520AD06560029CBAD /* Build configuration list for PBXNativeTarget "merge-video-sample" */;
			buildPhases = (
				641CFF5F20AD06560029CBAD /* Sources */,
				641CFF6020AD06560029CBAD /* Frameworks */,
				641CFF6120AD06560029CBAD /* Resources */,
			);
			buildRules = (
			);
			dependencies = (
			);
			name = "merge-video-sample";
			productName = merge;
			productReference = 641CFF6320AD06560029CBAD /* merge-video-sample.app */;
			productType = "com.apple.product-type.application";
		};
/* End PBXNativeTarget section */

/* Begin PBXProject section */
		641CFF5B20AD06560029CBAD /* Project object */ = {
			isa = PBXProject;
			attributes = {
				LastSwiftUpdateCheck = 0920;
				LastUpgradeCheck = 0920;
				ORGANIZATIONNAME = "hajime-nakamura";
				TargetAttributes = {
					641CFF6220AD06560029CBAD = {
						CreatedOnToolsVersion = 9.2;
						ProvisioningStyle = Automatic;
					};
				};
			};
			buildConfigurationList = 641CFF5E20AD06560029CBAD /* Build configuration list for PBXProject "merge-video-sample" */;
			compatibilityVersion = "Xcode 8.0";
			developmentRegion = en;
			hasScannedForEncodings = 0;
			knownRegions = (
				en,
				Base,
			);
			mainGroup = 641CFF5A20AD06560029CBAD;
			productRefGroup = 641CFF6420AD06560029CBAD /* Products */;
			projectDirPath = "";
			projectRoot = "";
			targets = (
				641CFF6220AD06560029CBAD /* merge-video-sample */,
			);
		};
/* End PBXProject section */

/* Begin PBXResourcesBuildPhase section */
		641CFF6120AD06560029CBAD /* Resources */ = {
			isa = PBXResourcesBuildPhase;
			buildActionMask = 2147483647;
			files = (
				641CFFB820AD07630029CBAD /* videos in Resources */,
				641CFF7120AD06560029CBAD /* LaunchScreen.storyboard in Resources */,
				641CFF6E20AD06560029CBAD /* Assets.xcassets in Resources */,
				641CFF6C20AD06560029CBAD /* Main.storyboard in Resources */,
			);
			runOnlyForDeploymentPostprocessing = 0;
		};
/* End PBXResourcesBuildPhase section */

/* Begin PBXSourcesBuildPhase section */
		641CFF5F20AD06560029CBAD /* Sources */ = {
			isa = PBXSourcesBuildPhase;
			buildActionMask = 2147483647;
			files = (
				64928BC020AE672D00BA5AEA /* VideoMerger.swift in Sources */,
				641CFF6920AD06560029CBAD /* ViewController.swift in Sources */,
				641CFF6720AD06560029CBAD /* AppDelegate.swift in Sources */,
			);
			runOnlyForDeploymentPostprocessing = 0;
		};
/* End PBXSourcesBuildPhase section */

/* Begin PBXVariantGroup section */
		641CFF6A20AD06560029CBAD /* Main.storyboard */ = {
			isa = PBXVariantGroup;
			children = (
				641CFF6B20AD06560029CBAD /* Base */,
			);
			name = Main.storyboard;
			sourceTree = "<group>";
		};
		641CFF6F20AD06560029CBAD /* LaunchScreen.storyboard */ = {
			isa = PBXVariantGroup;
			children = (
				641CFF7020AD06560029CBAD /* Base */,
			);
			name = LaunchScreen.storyboard;
			sourceTree = "<group>";
		};
/* End PBXVariantGroup section */

/* Begin XCBuildConfiguration section */
		641CFF7320AD06560029CBAD /* Debug */ = {
			isa = XCBuildConfiguration;
			buildSettings = {
				ALWAYS_SEARCH_USER_PATHS = NO;
				CLANG_ANALYZER_NONNULL = YES;
				CLANG_ANALYZER_NUMBER_OBJECT_CONVERSION = YES_AGGRESSIVE;
				CLANG_CXX_LANGUAGE_STANDARD = "gnu++14";
				CLANG_CXX_LIBRARY = "libc++";
				CLANG_ENABLE_MODULES = YES;
				CLANG_ENABLE_OBJC_ARC = YES;
				CLANG_WARN_BLOCK_CAPTURE_AUTORELEASING = YES;
				CLANG_WARN_BOOL_CONVERSION = YES;
				CLANG_WARN_COMMA = YES;
				CLANG_WARN_CONSTANT_CONVERSION = YES;
				CLANG_WARN_DIRECT_OBJC_ISA_USAGE = YES_ERROR;
				CLANG_WARN_DOCUMENTATION_COMMENTS = YES;
				CLANG_WARN_EMPTY_BODY = YES;
				CLANG_WARN_ENUM_CONVERSION = YES;
				CLANG_WARN_INFINITE_RECURSION = YES;
				CLANG_WARN_INT_CONVERSION = YES;
				CLANG_WARN_NON_LITERAL_NULL_CONVERSION = YES;
				CLANG_WARN_OBJC_LITERAL_CONVERSION = YES;
				CLANG_WARN_OBJC_ROOT_CLASS = YES_ERROR;
				CLANG_WARN_RANGE_LOOP_ANALYSIS = YES;
				CLANG_WARN_STRICT_PROTOTYPES = YES;
				CLANG_WARN_SUSPICIOUS_MOVE = YES;
				CLANG_WARN_UNGUARDED_AVAILABILITY = YES_AGGRESSIVE;
				CLANG_WARN_UNREACHABLE_CODE = YES;
				CLANG_WARN__DUPLICATE_METHOD_MATCH = YES;
				CODE_SIGN_IDENTITY = "iPhone Developer";
				COPY_PHASE_STRIP = NO;
				DEBUG_INFORMATION_FORMAT = dwarf;
				ENABLE_STRICT_OBJC_MSGSEND = YES;
				ENABLE_TESTABILITY = YES;
				GCC_C_LANGUAGE_STANDARD = gnu11;
				GCC_DYNAMIC_NO_PIC = NO;
				GCC_NO_COMMON_BLOCKS = YES;
				GCC_OPTIMIZATION_LEVEL = 0;
				GCC_PREPROCESSOR_DEFINITIONS = (
					"DEBUG=1",
					"$(inherited)",
				);
				GCC_WARN_64_TO_32_BIT_CONVERSION = YES;
				GCC_WARN_ABOUT_RETURN_TYPE = YES_ERROR;
				GCC_WARN_UNDECLARED_SELECTOR = YES;
				GCC_WARN_UNINITIALIZED_AUTOS = YES_AGGRESSIVE;
				GCC_WARN_UNUSED_FUNCTION = YES;
				GCC_WARN_UNUSED_VARIABLE = YES;
				IPHONEOS_DEPLOYMENT_TARGET = 11.2;
				MTL_ENABLE_DEBUG_INFO = YES;
				ONLY_ACTIVE_ARCH = YES;
				SDKROOT = iphoneos;
				SWIFT_ACTIVE_COMPILATION_CONDITIONS = DEBUG;
				SWIFT_OPTIMIZATION_LEVEL = "-Onone";
			};
			name = Debug;
		};
		641CFF7420AD06560029CBAD /* Release */ = {
			isa = XCBuildConfiguration;
			buildSettings = {
				ALWAYS_SEARCH_USER_PATHS = NO;
				CLANG_ANALYZER_NONNULL = YES;
				CLANG_ANALYZER_NUMBER_OBJECT_CONVERSION = YES_AGGRESSIVE;
				CLANG_CXX_LANGUAGE_STANDARD = "gnu++14";
				CLANG_CXX_LIBRARY = "libc++";
				CLANG_ENABLE_MODULES = YES;
				CLANG_ENABLE_OBJC_ARC = YES;
				CLANG_WARN_BLOCK_CAPTURE_AUTORELEASING = YES;
				CLANG_WARN_BOOL_CONVERSION = YES;
				CLANG_WARN_COMMA = YES;
				CLANG_WARN_CONSTANT_CONVERSION = YES;
				CLANG_WARN_DIRECT_OBJC_ISA_USAGE = YES_ERROR;
				CLANG_WARN_DOCUMENTATION_COMMENTS = YES;
				CLANG_WARN_EMPTY_BODY = YES;
				CLANG_WARN_ENUM_CONVERSION = YES;
				CLANG_WARN_INFINITE_RECURSION = YES;
				CLANG_WARN_INT_CONVERSION = YES;
				CLANG_WARN_NON_LITERAL_NULL_CONVERSION = YES;
				CLANG_WARN_OBJC_LITERAL_CONVERSION = YES;
				CLANG_WARN_OBJC_ROOT_CLASS = YES_ERROR;
				CLANG_WARN_RANGE_LOOP_ANALYSIS = YES;
				CLANG_WARN_STRICT_PROTOTYPES = YES;
				CLANG_WARN_SUSPICIOUS_MOVE = YES;
				CLANG_WARN_UNGUARDED_AVAILABILITY = YES_AGGRESSIVE;
				CLANG_WARN_UNREACHABLE_CODE = YES;
				CLANG_WARN__DUPLICATE_METHOD_MATCH = YES;
				CODE_SIGN_IDENTITY = "iPhone Developer";
				COPY_PHASE_STRIP = NO;
				DEBUG_INFORMATION_FORMAT = "dwarf-with-dsym";
				ENABLE_NS_ASSERTIONS = NO;
				ENABLE_STRICT_OBJC_MSGSEND = YES;
				GCC_C_LANGUAGE_STANDARD = gnu11;
				GCC_NO_COMMON_BLOCKS = YES;
				GCC_WARN_64_TO_32_BIT_CONVERSION = YES;
				GCC_WARN_ABOUT_RETURN_TYPE = YES_ERROR;
				GCC_WARN_UNDECLARED_SELECTOR = YES;
				GCC_WARN_UNINITIALIZED_AUTOS = YES_AGGRESSIVE;
				GCC_WARN_UNUSED_FUNCTION = YES;
				GCC_WARN_UNUSED_VARIABLE = YES;
				IPHONEOS_DEPLOYMENT_TARGET = 11.2;
				MTL_ENABLE_DEBUG_INFO = NO;
				SDKROOT = iphoneos;
				SWIFT_OPTIMIZATION_LEVEL = "-Owholemodule";
				VALIDATE_PRODUCT = YES;
			};
			name = Release;
		};
		641CFF7620AD06560029CBAD /* Debug */ = {
			isa = XCBuildConfiguration;
			buildSettings = {
				ASSETCATALOG_COMPILER_APPICON_NAME = AppIcon;
				CODE_SIGN_STYLE = Automatic;
				DEVELOPMENT_TEAM = DE65TWVP2D;
				INFOPLIST_FILE = src/Info.plist;
				IPHONEOS_DEPLOYMENT_TARGET = 10.0;
				LD_RUNPATH_SEARCH_PATHS = "$(inherited) @executable_path/Frameworks";
				PRODUCT_BUNDLE_IDENTIFIER = "com.merge-video-sample";
				PRODUCT_NAME = "$(TARGET_NAME)";
				SWIFT_VERSION = 4.0;
				TARGETED_DEVICE_FAMILY = "1,2";
			};
			name = Debug;
		};
		641CFF7720AD06560029CBAD /* Release */ = {
			isa = XCBuildConfiguration;
			buildSettings = {
				ASSETCATALOG_COMPILER_APPICON_NAME = AppIcon;
				CODE_SIGN_STYLE = Automatic;
				DEVELOPMENT_TEAM = DE65TWVP2D;
				INFOPLIST_FILE = src/Info.plist;
				IPHONEOS_DEPLOYMENT_TARGET = 10.0;
				LD_RUNPATH_SEARCH_PATHS = "$(inherited) @executable_path/Frameworks";
				PRODUCT_BUNDLE_IDENTIFIER = "com.merge-video-sample";
				PRODUCT_NAME = "$(TARGET_NAME)";
				SWIFT_VERSION = 4.0;
				TARGETED_DEVICE_FAMILY = "1,2";
			};
			name = Release;
		};
/* End XCBuildConfiguration section */

/* Begin XCConfigurationList section */
		641CFF5E20AD06560029CBAD /* Build configuration list for PBXProject "merge-video-sample" */ = {
			isa = XCConfigurationList;
			buildConfigurations = (
				641CFF7320AD06560029CBAD /* Debug */,
				641CFF7420AD06560029CBAD /* Release */,
			);
			defaultConfigurationIsVisible = 0;
			defaultConfigurationName = Release;
		};
		641CFF7520AD06560029CBAD /* Build configuration list for PBXNativeTarget "merge-video-sample" */ = {
			isa = XCConfigurationList;
			buildConfigurations = (
				641CFF7620AD06560029CBAD /* Debug */,
				641CFF7720AD06560029CBAD /* Release */,
			);
			defaultConfigurationIsVisible = 0;
			defaultConfigurationName = Release;
		};
/* End XCConfigurationList section */
	};
	rootObject = 641CFF5B20AD06560029CBAD /* Project object */;
}
